<?xml version="1.0" encoding="UTF-8" standalone="yes" ?>
<CodeBlocks_project_file>
	<FileVersion major="1" minor="6" />
	<Project>
		<Option title="PirateBaby" />
		<Option pch_mode="2" />
		<Option default_target="Lin Release" />
		<Option compiler="gcc" />
		<Build>
			<Target title="W32 Debug">
				<Option output="bin/W32/PirateBaby_D" prefix_auto="1" extension_auto="1" />
				<Option working_dir="resources" />
				<Option object_output="obj/W32/Debug/" />
				<Option type="1" />
				<Option compiler="mingw" />
				<Compiler>
					<Add option="-g" />
					<Add option="`sdl-config --cflags`" />
					<Add option="-D_DEBUG" />
					<Add option="-D_WIN32" />
					<Add option="-DPLATFORM_PC" />
					<Add option="-DPENJIN_SDL" />
					<Add directory="$(#mingw.include)" />
				</Compiler>
				<Linker>
					<Add option="`sdl-config --libs`" />
					<Add option="-lmingw32" />
					<Add option="-lSDL_image" />
					<Add option="-lSDL_mixer" />
					<Add option="-lSDL_ttf" />
					<Add option="-lSDLmain" />
					<Add option="-lSDL_gfx" />
					<Add option="-lSDL" />
					<Add library="libPenjinTwoD" />
					<Add directory="$(#mingw.lib)" />
					<Add directory="$(#penjintwo.lib)/W32" />
				</Linker>
			</Target>
			<Target title="W32 Release">
				<Option output="bin/W32/PirateBaby_R" prefix_auto="1" extension_auto="1" />
				<Option working_dir="resources" />
				<Option object_output="obj/W32/Release/" />
				<Option type="0" />
				<Option compiler="mingw" />
				<Compiler>
					<Add option="-O2" />
					<Add option="`sdl-config --cflags`" />
					<Add option="-DPLATFORM_PC" />
					<Add option="-D_WIN32" />
					<Add option="-DPENJIN_SDL" />
					<Add directory="$(#mingw.include)" />
				</Compiler>
				<Linker>
					<Add option="-s" />
					<Add option="`sdl-config --libs`" />
					<Add option="-lmingw32" />
					<Add option="-lSDL_image" />
					<Add option="-lSDL_mixer" />
					<Add option="-lSDL_ttf" />
					<Add option="-lSDLmain" />
					<Add option="-lSDL_gfx" />
					<Add option="-lSDL" />
					<Add library="libPenjinTwo" />
					<Add directory="$(#mingw.lib)" />
					<Add directory="$(#penjintwo.lib)/W32" />
				</Linker>
			</Target>
			<Target title="Lin Debug">
				<Option platforms="Unix;" />
				<Option output="bin/Linux/PirateBaby_D" prefix_auto="1" extension_auto="0" />
				<Option working_dir="resources" />
				<Option object_output="obj/lin/Debug/" />
				<Option type="1" />
				<Option compiler="linux" />
				<Compiler>
					<Add option="-g" />
					<Add option="-DPLATFORM_PC" />
					<Add option="-D_DEBUG" />
					<Add option="-D_LINUX" />
					<Add option="-DPENJIN_SDL" />
				</Compiler>
				<Linker>
					<Add option="`sdl-config --libs`" />
					<Add library="X11" />
					<Add library="Xi" />
					<Add library="SDL_ttf" />
					<Add library="SDL_image" />
					<Add library="SDL_mixer" />
					<Add library="SDL_gfx" />
					<Add library="libPenjinTwoD" />
					<Add directory="$(#penjintwo.lib)/Linux" />
				</Linker>
			</Target>
			<Target title="Lin Release">
				<Option platforms="Unix;" />
				<Option output="bin/Linux/PirateBaby_R" prefix_auto="1" extension_auto="0" />
				<Option working_dir="resources" />
				<Option object_output="obj/lin/Release/" />
				<Option type="0" />
				<Option compiler="linux" />
				<Option parameters="-C scripts/gcn.cmf" />
				<Compiler>
					<Add option="-O2" />
					<Add option="-DPLATFORM_PC" />
					<Add option="-D_LINUX" />
					<Add option="-DPENJIN_SDL" />
				</Compiler>
				<Linker>
					<Add option="-s" />
					<Add option="`sdl-config --libs`" />
					<Add library="X11" />
					<Add library="Xi" />
					<Add library="SDL_ttf" />
					<Add library="SDL_image" />
					<Add library="SDL_mixer" />
					<Add library="SDL_gfx" />
					<Add library="libPenjinTwo" />
					<Add directory="$(#penjintwo.lib)/Linux" />
				</Linker>
			</Target>
			<Target title="Pandora Debug">
				<Option output="bin/Pandora/PirateBaby.pxf" prefix_auto="1" extension_auto="0" />
				<Option working_dir="resources" />
				<Option object_output="obj/Pandora/Debug/" />
				<Option type="1" />
				<Option compiler="pandora" />
				<Option use_console_runner="0" />
				<Compiler>
					<Add option="-msoft-float" />
					<Add option="-g" />
					<Add option="-DPLATFORM_PANDORA" />
					<Add option="-D_DEBUG" />
					<Add option="-DPENJIN_SDL" />
					<Add option="-DPENJIN_SDL_INPUT" />
					<Add directory="$(#pandora_sdk.include)" />
				</Compiler>
				<Linker>
					<Add option="-lSDL_mixer" />
					<Add option="-lSDL" />
					<Add option="-lSDL_ttf" />
					<Add option="-lfreetype" />
					<Add option="-lvorbisidec" />
					<Add option="-lSDL_gfx" />
					<Add option="-lSDL_image" />
					<Add option="-lSDLmain" />
					<Add option="-lts" />
					<Add option="-lpng" />
					<Add option="-lz" />
					<Add library="libPenjinTwoD" />
					<Add directory="$(#pandora_sdk.lib)" />
					<Add directory="$(#penjintwo.lib)/Pandora" />
				</Linker>
			</Target>
			<Target title="Pandora Release">
				<Option output="bin/Pandora/PirateBaby.pxf" prefix_auto="1" extension_auto="0" />
				<Option working_dir="resources" />
				<Option object_output="obj/Pandora/Release/" />
				<Option type="0" />
				<Option compiler="pandora" />
				<Compiler>
					<Add option="-msoft-float" />
					<Add option="-O2" />
					<Add option="-DPLATFORM_PANDORA" />
					<Add option="-DPENJIN_SDL" />
					<Add option="-DPENJIN_SDL_INPUT" />
					<Add directory="$(#pandora_sdk.include)" />
				</Compiler>
				<Linker>
					<Add option="-s" />
					<Add option="-ldl" />
					<Add option="-lpthread" />
					<Add option="-lSDL_mixer" />
					<Add option="-lSDL" />
					<Add option="-lSDL_ttf" />
					<Add option="-lfreetype" />
					<Add option="-lvorbisidec" />
					<Add option="-lSDL_gfx" />
					<Add option="-lSDL_image" />
					<Add option="-lSDLmain" />
					<Add option="-lts" />
					<Add option="-lpng" />
					<Add option="-lz" />
					<Add library="libPenjinTwo" />
					<Add directory="$(#pandora_sdk.lib)" />
					<Add directory="$(#penjintwo.lib)/Pandora" />
				</Linker>
			</Target>
			<Target title="LinGL Debug">
				<Option platforms="Unix;" />
				<Option output="bin/Linux/PirateBabyGL_D" prefix_auto="1" extension_auto="0" />
				<Option working_dir="resources" />
				<Option object_output="obj/lin/DebugGL/" />
				<Option type="1" />
				<Option compiler="linux" />
				<Compiler>
					<Add option="-g" />
					<Add option="-DPLATFORM_PC" />
					<Add option="-D_DEBUG" />
					<Add option="-D_LINUX" />
					<Add option="-DPENJIN_GL" />
				</Compiler>
				<Linker>
					<Add option="`sdl-config --libs`" />
					<Add option="-lX11 -lXi" />
					<Add option="-lGL -lGLU" />
					<Add option="-lSDL_ttf" />
					<Add option="-lSDL_image" />
					<Add option="-lSDL_mixer" />
					<Add option="-lSDL_gfx" />
					<Add directory="../PenjinBase/obj/lin/Debug" />
				</Linker>
			</Target>
			<Target title="GP2X Debug">
				<Option output="bin/GP2X/PirateBaby_D.gpe" prefix_auto="1" extension_auto="0" />
				<Option working_dir="resources" />
				<Option object_output="obj/GP2X/Debug/" />
				<Option type="1" />
				<Option compiler="gp2x" />
				<Option use_console_runner="0" />
				<Compiler>
					<Add option="-msoft-float" />
					<Add option="-g" />
					<Add option="`$(#gp2x_sdk)/bin/sdl-config --cflags`" />
					<Add option="-DPLATFORM_GP2X" />
					<Add option="-D_DEBUG" />
					<Add option="-DPENJIN_SDL" />
					<Add directory="$(#gp2x_sdk.include)" />
				</Compiler>
				<Linker>
					<Add option="-lm -lg -lpthread -lSDL" />
					<Add option="`$(#gp2x_sdk)/bin/sdl-config --static-libs`" />
					<Add option="-lSDL_ttf" />
					<Add option="-lSDL_mixer" />
					<Add option="-lSDL_image" />
					<Add option="-lSDL_gfx" />
					<Add option="-lpng" />
					<Add option="-lfreetype" />
					<Add option="-lz" />
					<Add option="-lsmpeg" />
					<Add option="-ljpeg" />
					<Add directory="$(#gp2x_sdk.lib)" />
				</Linker>
			</Target>
			<Target title="GP2X Release">
				<Option output="bin/GP2X/PirateBaby_R.gpe" prefix_auto="1" extension_auto="0" />
				<Option working_dir="resources" />
				<Option object_output="obj/GP2X/Release/" />
				<Option type="0" />
				<Option compiler="gp2x" />
				<Compiler>
					<Add option="-O2" />
					<Add option="-msoft-float" />
					<Add option="-DPLATFORM_GP2X" />
					<Add option="-DPENJIN_SDL" />
					<Add directory="$(#gp2x_sdk.include)" />
				</Compiler>
				<Linker>
					<Add option="-s" />
					<Add option="-lm -lg -lpthread -lSDL" />
					<Add option="`$(#gp2x_sdk)/bin/sdl-config --static-libs`" />
					<Add option="-lSDL_ttf" />
					<Add option="-lSDL_mixer" />
					<Add option="-lSDL_image" />
					<Add option="-lSDL_gfx" />
					<Add option="-lpng" />
					<Add option="-lfreetype" />
					<Add option="-lz" />
					<Add option="-lsmpeg" />
					<Add option="-ljpeg" />
					<Add directory="$(#gp2x_sdk.lib)" />
				</Linker>
			</Target>
			<Target title="Wii Debug">
				<Option output="bin/Wii/PirateBaby_D.elf" prefix_auto="1" extension_auto="0" />
				<Option working_dir="resources" />
				<Option object_output="obj/Wii/Debug/" />
				<Option type="1" />
				<Option compiler="devkitppc" />
				<Option use_console_runner="0" />
				<Compiler>
					<Add option="-mhard-float" />
					<Add option="-meabi" />
					<Add option="-Wall" />
					<Add option="-g" />
					<Add option="-DPLATFORM_WII" />
					<Add option="-D_DEBUG" />
					<Add option="-DPENJIN_SDL" />
					<Add option="-DPENJIN_SDL_INPUT" />
					<Add directory="$(#libogc.include)" />
				</Compiler>
				<Linker>
					<Add option="-lSDL_mixer" />
					<Add option="-lsmpeg" />
					<Add option="-lSDL_image" />
					<Add option="-lSDL_gfx" />
					<Add option="-lSDL_ttf" />
					<Add option="-lSDL" />
					<Add option="-lz -lwiiuse" />
					<Add option="-lfat -lbte -logc" />
					<Add option="-lwiikeyboard" />
					<Add library="$(#libogc.lib)/libfreetype.a" />
					<Add library="$(#libogc.lib)/libpng.a" />
					<Add library="$(#libogc.lib)/libjpeg.a" />
					<Add library="$(#libogc.lib)/wii/libz.a" />
					<Add library="$(#libogc.lib)/libvorbisidec.a" />
					<Add directory="$(#libogc.lib)/wii" />
				</Linker>
			</Target>
			<Target title="Wii Release">
				<Option output="bin/Wii/PirateBaby_R.elf" prefix_auto="1" extension_auto="0" />
				<Option working_dir="resources" />
				<Option object_output="obj/Wii/Release/" />
				<Option type="0" />
				<Option compiler="devkitppc" />
				<Compiler>
					<Add option="-O2" />
					<Add option="-DPLATFORM_WII" />
					<Add option="-DPENJIN_SDL" />
					<Add directory="$(#libogc.include)" />
				</Compiler>
				<Linker>
					<Add option="-s" />
					<Add option="-lwiiuse -lbte -logc -lm" />
					<Add directory="$(#libogc.lib)/wii" />
				</Linker>
			</Target>
		</Build>
		<Compiler>
			<Add option="-Wall" />
			<Add option="`sdl-config --cflags`" />
			<Add directory="$(#penjintwo.include)" />
			<Add directory="./source" />
		</Compiler>
		<Linker>
			<Add directory="$(#penjintwo.lib)" />
			<Add directory="./" />
		</Linker>
		<Unit filename="source/Baby.cpp" />
		<Unit filename="source/Baby.h" />
		<Unit filename="source/BabyBlob.cpp" />
		<Unit filename="source/BabyBlob.h" />
		<Unit filename="source/BabyEgg.cpp" />
		<Unit filename="source/BabyEgg.h" />
		<Unit filename="source/BabyEggBaby.cpp" />
		<Unit filename="source/BabyEggBaby.h" />
		<Unit filename="source/Cheese.cpp" />
		<Unit filename="source/Cheese.h" />
		<Unit filename="source/Food.cpp" />
		<Unit filename="source/Food.h" />
		<Unit filename="source/MyGame2d.cpp" />
		<Unit filename="source/MyGame2d.h" />
		<Unit filename="source/MyStateList.h" />
		<Unit filename="source/Prop.cpp" />
		<Unit filename="source/Prop.h" />
		<Unit filename="source/QuitButton.cpp" />
		<Unit filename="source/QuitButton.h" />
		<Unit filename="source/StateCredits.cpp" />
		<Unit filename="source/StateCredits.h" />
		<Unit filename="source/StateLevel.cpp" />
		<Unit filename="source/StateLevel.h" />
		<Unit filename="source/StateTitle.cpp" />
		<Unit filename="source/StateTitle.h" />
		<Unit filename="source/StatsWindow.cpp" />
		<Unit filename="source/StatsWindow.h" />
		<Unit filename="source/main.cpp" />
		<Extensions>
			<envvars />
			<code_completion />
			<debugger />
			<lib_finder disable_auto="1" />
			<AutoVersioning>
				<Scheme minor_max="10" build_max="0" rev_max="0" rev_rand_max="10" build_times_to_increment_minor="400" />
				<Settings autoincrement="1" date_declarations="1" do_auto_increment="1" ask_to_increment="0" language="C++" svn="0" svn_directory="" header_path="version.h" />
				<Changes_Log show_changes_editor="1" app_title="released version %M.%m.%b of %p" changeslog_path="ChangesLog.txt" />
				<Code header_guard="VERSION_H" namespace="AutoVersion" prefix="" />
			</AutoVersioning>
			<DoxyBlocks>
				<comment_style block="0" line="0" />
				<doxyfile_project />
				<doxyfile_build />
				<doxyfile_warnings />
				<doxyfile_output />
				<doxyfile_dot />
				<general />
			</DoxyBlocks>
		</Extensions>
	</Project>
</CodeBlocks_project_file>
